
Microsoft Visual Studio Solution File, Format Version 12.00
# Visual Studio Version 17
VisualStudioVersion = 17.12.35728.132
MinimumVisualStudioVersion = 10.0.40219.1
Project("{FAE04EC0-301F-11D3-BF4B-00C04F79EFBC}") = "StockForThePeople.WebApi", "StockForThePeople.WebApi\StockForThePeople.WebApi.csproj", "{17F9DF53-CAB1-43A1-B02E-740289DE5B49}"
EndProject
Project("{FAE04EC0-301F-11D3-BF4B-00C04F79EFBC}") = "StockForThePeople.ExternalData", "StockForThePeople.ExternalData\StockForThePeople.ExternalData.csproj", "{0CF3BDB7-A7A9-4034-8F3B-66518329BC05}"
EndProject
Project("{FAE04EC0-301F-11D3-BF4B-00C04F79EFBC}") = "StockForThePeople.WebApiExecuter", "StockForThePeople.WebApiExecuter\StockForThePeople.WebApiExecuter.csproj", "{8D7E0F44-1389-4F2C-8FCB-CBF0A1DD1842}"
EndProject
Project("{2150E333-8FDC-42A3-9474-1A3956D46DE8}") = "Solution Items", "Solution Items", "{7A9C97BB-C240-4C60-8C43-4D3A99D1BBEE}"
	ProjectSection(SolutionItems) = preProject
		.gitignore = .gitignore
		README.md = README.md
	EndProjectSection
EndProject
Project("{FAE04EC0-301F-11D3-BF4B-00C04F79EFBC}") = "StockForThePeople.Data", "StockForThePeople.Data\StockForThePeople.Data.csproj", "{383565BE-197A-4CEF-9473-8046084E2967}"
EndProject
Project("{FAE04EC0-301F-11D3-BF4B-00C04F79EFBC}") = "StockForThePeople.Domain", "StockForThePeople.Domain\StockForThePeople.Domain.csproj", "{170A6B2F-0357-4271-B229-C976220937EB}"
EndProject
Project("{FAE04EC0-301F-11D3-BF4B-00C04F79EFBC}") = "JustForTestingConsole", "JustForTestingConsole\JustForTestingConsole.csproj", "{95A193C8-7FFC-44D0-A556-AB329FC70E54}"
EndProject
Project("{FAE04EC0-301F-11D3-BF4B-00C04F79EFBC}") = "StockForThePeople.InternalData", "StockForThePeople.InternalData\StockForThePeople.InternalData.csproj", "{B4B9BB95-7B3F-423A-A00C-BA8D23AF2ED3}"
EndProject
Project("{FAE04EC0-301F-11D3-BF4B-00C04F79EFBC}") = "StockForThePeople.WebBlazor", "StockForThePeople.WebBlazor\StockForThePeople.WebBlazor\StockForThePeople.WebBlazor.csproj", "{046F2C2E-D911-492A-B7E8-2323454F6945}"
EndProject
Project("{FAE04EC0-301F-11D3-BF4B-00C04F79EFBC}") = "StockForThePeople.WebBlazor.Client", "StockForThePeople.WebBlazor\StockForThePeople.WebBlazor.Client\StockForThePeople.WebBlazor.Client.csproj", "{26554C13-8E04-4B04-9AD3-C7D7D6EB08DF}"
EndProject
Global
	GlobalSection(SolutionConfigurationPlatforms) = preSolution
		Debug|Any CPU = Debug|Any CPU
		Release|Any CPU = Release|Any CPU
	EndGlobalSection
	GlobalSection(ProjectConfigurationPlatforms) = postSolution
		{17F9DF53-CAB1-43A1-B02E-740289DE5B49}.Debug|Any CPU.ActiveCfg = Debug|Any CPU
		{17F9DF53-CAB1-43A1-B02E-740289DE5B49}.Debug|Any CPU.Build.0 = Debug|Any CPU
		{17F9DF53-CAB1-43A1-B02E-740289DE5B49}.Release|Any CPU.ActiveCfg = Release|Any CPU
		{17F9DF53-CAB1-43A1-B02E-740289DE5B49}.Release|Any CPU.Build.0 = Release|Any CPU
		{0CF3BDB7-A7A9-4034-8F3B-66518329BC05}.Debug|Any CPU.ActiveCfg = Debug|Any CPU
		{0CF3BDB7-A7A9-4034-8F3B-66518329BC05}.Debug|Any CPU.Build.0 = Debug|Any CPU
		{0CF3BDB7-A7A9-4034-8F3B-66518329BC05}.Release|Any CPU.ActiveCfg = Release|Any CPU
		{0CF3BDB7-A7A9-4034-8F3B-66518329BC05}.Release|Any CPU.Build.0 = Release|Any CPU
		{8D7E0F44-1389-4F2C-8FCB-CBF0A1DD1842}.Debug|Any CPU.ActiveCfg = Debug|Any CPU
		{8D7E0F44-1389-4F2C-8FCB-CBF0A1DD1842}.Debug|Any CPU.Build.0 = Debug|Any CPU
		{8D7E0F44-1389-4F2C-8FCB-CBF0A1DD1842}.Release|Any CPU.ActiveCfg = Release|Any CPU
		{8D7E0F44-1389-4F2C-8FCB-CBF0A1DD1842}.Release|Any CPU.Build.0 = Release|Any CPU
		{383565BE-197A-4CEF-9473-8046084E2967}.Debug|Any CPU.ActiveCfg = Debug|Any CPU
		{383565BE-197A-4CEF-9473-8046084E2967}.Debug|Any CPU.Build.0 = Debug|Any CPU
		{383565BE-197A-4CEF-9473-8046084E2967}.Release|Any CPU.ActiveCfg = Release|Any CPU
		{383565BE-197A-4CEF-9473-8046084E2967}.Release|Any CPU.Build.0 = Release|Any CPU
		{170A6B2F-0357-4271-B229-C976220937EB}.Debug|Any CPU.ActiveCfg = Debug|Any CPU
		{170A6B2F-0357-4271-B229-C976220937EB}.Debug|Any CPU.Build.0 = Debug|Any CPU
		{170A6B2F-0357-4271-B229-C976220937EB}.Release|Any CPU.ActiveCfg = Release|Any CPU
		{170A6B2F-0357-4271-B229-C976220937EB}.Release|Any CPU.Build.0 = Release|Any CPU
		{95A193C8-7FFC-44D0-A556-AB329FC70E54}.Debug|Any CPU.ActiveCfg = Debug|Any CPU
		{95A193C8-7FFC-44D0-A556-AB329FC70E54}.Debug|Any CPU.Build.0 = Debug|Any CPU
		{95A193C8-7FFC-44D0-A556-AB329FC70E54}.Release|Any CPU.ActiveCfg = Release|Any CPU
		{95A193C8-7FFC-44D0-A556-AB329FC70E54}.Release|Any CPU.Build.0 = Release|Any CPU
		{B4B9BB95-7B3F-423A-A00C-BA8D23AF2ED3}.Debug|Any CPU.ActiveCfg = Debug|Any CPU
		{B4B9BB95-7B3F-423A-A00C-BA8D23AF2ED3}.Debug|Any CPU.Build.0 = Debug|Any CPU
		{B4B9BB95-7B3F-423A-A00C-BA8D23AF2ED3}.Release|Any CPU.ActiveCfg = Release|Any CPU
		{B4B9BB95-7B3F-423A-A00C-BA8D23AF2ED3}.Release|Any CPU.Build.0 = Release|Any CPU
		{046F2C2E-D911-492A-B7E8-2323454F6945}.Debug|Any CPU.ActiveCfg = Debug|Any CPU
		{046F2C2E-D911-492A-B7E8-2323454F6945}.Debug|Any CPU.Build.0 = Debug|Any CPU
		{046F2C2E-D911-492A-B7E8-2323454F6945}.Release|Any CPU.ActiveCfg = Release|Any CPU
		{046F2C2E-D911-492A-B7E8-2323454F6945}.Release|Any CPU.Build.0 = Release|Any CPU
		{26554C13-8E04-4B04-9AD3-C7D7D6EB08DF}.Debug|Any CPU.ActiveCfg = Debug|Any CPU
		{26554C13-8E04-4B04-9AD3-C7D7D6EB08DF}.Debug|Any CPU.Build.0 = Debug|Any CPU
		{26554C13-8E04-4B04-9AD3-C7D7D6EB08DF}.Release|Any CPU.ActiveCfg = Release|Any CPU
		{26554C13-8E04-4B04-9AD3-C7D7D6EB08DF}.Release|Any CPU.Build.0 = Release|Any CPU
	EndGlobalSection
	GlobalSection(SolutionProperties) = preSolution
		HideSolutionNode = FALSE
	EndGlobalSection
EndGlobal
